
Microsoft Visual Studio Solution File, Format Version 12.00
# Visual Studio Version 17
VisualStudioVersion = 17.4.33205.214
MinimumVisualStudioVersion = 10.0.40219.1
Project("{FAE04EC0-301F-11D3-BF4B-00C04F79EFBC}") = "Chu_ky_Schnorr", "Chu_ky_Schnorr\Chu_ky_Schnorr.csproj", "{D7563132-0C54-48EC-ABDE-DB5EF3892BEB}"
EndProject
Global
	GlobalSection(SolutionConfigurationPlatforms) = preSolution
		Debug|Any CPU = Debug|Any CPU
		Release|Any CPU = Release|Any CPU
	EndGlobalSection
	GlobalSection(ProjectConfigurationPlatforms) = postSolution
		{D7563132-0C54-48EC-ABDE-DB5EF3892BEB}.Debug|Any CPU.ActiveCfg = Debug|Any CPU
		{D7563132-0C54-48EC-ABDE-DB5EF3892BEB}.Debug|Any CPU.Build.0 = Debug|Any CPU
		{D7563132-0C54-48EC-ABDE-DB5EF3892BEB}.Release|Any CPU.ActiveCfg = Release|Any CPU
		{D7563132-0C54-48EC-ABDE-DB5EF3892BEB}.Release|Any CPU.Build.0 = Release|Any CPU
	EndGlobalSection
	GlobalSection(SolutionProperties) = preSolution
		HideSolutionNode = FALSE
	EndGlobalSection
	GlobalSection(ExtensibilityGlobals) = postSolution
		SolutionGuid = {D7E9EDFC-3F75-4578-B5F7-4D8D05E22825}
	EndGlobalSection
EndGlobal
